
Microsoft Visual Studio Solution File, Format Version 12.00
# Visual Studio Version 16
VisualStudioVersion = 16.0.30114.105
MinimumVisualStudioVersion = 10.0.40219.1
Project("{FAE04EC0-301F-11D3-BF4B-00C04F79EFBC}") = "API", "API\API.csproj", "{973F6376-B405-487C-8856-4BE0D819CDDB}"
EndProject
Project("{FAE04EC0-301F-11D3-BF4B-00C04F79EFBC}") = "Domain", "Domain\Domain.csproj", "{5F1FDAB1-1F70-4A6F-92F5-53FBC4685827}"
EndProject
Project("{FAE04EC0-301F-11D3-BF4B-00C04F79EFBC}") = "Persistence", "Persistence\Persistence.csproj", "{5D6F390D-FFA2-493B-AF43-C310AD0F454A}"
EndProject
Project("{FAE04EC0-301F-11D3-BF4B-00C04F79EFBC}") = "Application", "Application\Application.csproj", "{0DF026C3-3F9A-4463-9F94-0C7879DFC4F5}"
EndProject
Global
	GlobalSection(SolutionConfigurationPlatforms) = preSolution
		Debug|Any CPU = Debug|Any CPU
		Release|Any CPU = Release|Any CPU
	EndGlobalSection
	GlobalSection(SolutionProperties) = preSolution
		HideSolutionNode = FALSE
	EndGlobalSection
	GlobalSection(ProjectConfigurationPlatforms) = postSolution
		{973F6376-B405-487C-8856-4BE0D819CDDB}.Debug|Any CPU.ActiveCfg = Debug|Any CPU
		{973F6376-B405-487C-8856-4BE0D819CDDB}.Debug|Any CPU.Build.0 = Debug|Any CPU
		{973F6376-B405-487C-8856-4BE0D819CDDB}.Release|Any CPU.ActiveCfg = Release|Any CPU
		{973F6376-B405-487C-8856-4BE0D819CDDB}.Release|Any CPU.Build.0 = Release|Any CPU
		{5F1FDAB1-1F70-4A6F-92F5-53FBC4685827}.Debug|Any CPU.ActiveCfg = Debug|Any CPU
		{5F1FDAB1-1F70-4A6F-92F5-53FBC4685827}.Debug|Any CPU.Build.0 = Debug|Any CPU
		{5F1FDAB1-1F70-4A6F-92F5-53FBC4685827}.Release|Any CPU.ActiveCfg = Release|Any CPU
		{5F1FDAB1-1F70-4A6F-92F5-53FBC4685827}.Release|Any CPU.Build.0 = Release|Any CPU
		{5D6F390D-FFA2-493B-AF43-C310AD0F454A}.Debug|Any CPU.ActiveCfg = Debug|Any CPU
		{5D6F390D-FFA2-493B-AF43-C310AD0F454A}.Debug|Any CPU.Build.0 = Debug|Any CPU
		{5D6F390D-FFA2-493B-AF43-C310AD0F454A}.Release|Any CPU.ActiveCfg = Release|Any CPU
		{5D6F390D-FFA2-493B-AF43-C310AD0F454A}.Release|Any CPU.Build.0 = Release|Any CPU
		{0DF026C3-3F9A-4463-9F94-0C7879DFC4F5}.Debug|Any CPU.ActiveCfg = Debug|Any CPU
		{0DF026C3-3F9A-4463-9F94-0C7879DFC4F5}.Debug|Any CPU.Build.0 = Debug|Any CPU
		{0DF026C3-3F9A-4463-9F94-0C7879DFC4F5}.Release|Any CPU.ActiveCfg = Release|Any CPU
		{0DF026C3-3F9A-4463-9F94-0C7879DFC4F5}.Release|Any CPU.Build.0 = Release|Any CPU
	EndGlobalSection
EndGlobal
